// !$*UTF8*$!
{
	archiveVersion = 1;
	classes = {
	};
	objectVersion = 56;
	objects = {

/* Begin PBXBuildFile section */
		7320C2B52B727DD400DDAEAE /* SuggestionsViewModelProtocol.swift in Sources */ = {isa = PBXBuildFile; fileRef = 7320C2B42B727DD400DDAEAE /* SuggestionsViewModelProtocol.swift */; };
		7320C2B72B727FD000DDAEAE /* SuggestionsViewModel.swift in Sources */ = {isa = PBXBuildFile; fileRef = 7320C2B62B727FD000DDAEAE /* SuggestionsViewModel.swift */; };
		732DFBB82B6BB9F100403283 /* BaseButton.swift in Sources */ = {isa = PBXBuildFile; fileRef = 732DFBB72B6BB9F000403283 /* BaseButton.swift */; };
		733281C02B8644EA00D3A4C5 /* IEFCollectionViewLayout.swift in Sources */ = {isa = PBXBuildFile; fileRef = 733281BF2B8644EA00D3A4C5 /* IEFCollectionViewLayout.swift */; };
		733281C22B87C03800D3A4C5 /* MenuBackgroundView.swift in Sources */ = {isa = PBXBuildFile; fileRef = 733281C12B87C03800D3A4C5 /* MenuBackgroundView.swift */; };
		733281C42B87C17300D3A4C5 /* MenuBackgroundViewModel.swift in Sources */ = {isa = PBXBuildFile; fileRef = 733281C32B87C17300D3A4C5 /* MenuBackgroundViewModel.swift */; };
		733281C82B87C44800D3A4C5 /* MenuBackgroundViewModelProtocol.swift in Sources */ = {isa = PBXBuildFile; fileRef = 733281C72B87C44800D3A4C5 /* MenuBackgroundViewModelProtocol.swift */; };
		733281CA2B87C4BE00D3A4C5 /* BaseView.swift in Sources */ = {isa = PBXBuildFile; fileRef = 733281C92B87C4BE00D3A4C5 /* BaseView.swift */; };
		733281CE2B87CC1C00D3A4C5 /* ImageEditingMetalImageView.swift in Sources */ = {isa = PBXBuildFile; fileRef = 733281CD2B87CC1C00D3A4C5 /* ImageEditingMetalImageView.swift */; };
		733281D12B87CF5900D3A4C5 /* ImageEditingMetalImageViewModel.swift in Sources */ = {isa = PBXBuildFile; fileRef = 733281D02B87CF5900D3A4C5 /* ImageEditingMetalImageViewModel.swift */; };
		733281D42B87CFB500D3A4C5 /* ImageEditingMetalImageViewModelProtocol.swift in Sources */ = {isa = PBXBuildFile; fileRef = 733281D32B87CFB500D3A4C5 /* ImageEditingMetalImageViewModelProtocol.swift */; };
		733281D62B88CA3100D3A4C5 /* Assets.xcassets in Resources */ = {isa = PBXBuildFile; fileRef = 733281D52B88CA3100D3A4C5 /* Assets.xcassets */; };
		7347377F2B74B3F1004DF58E /* ImageURLs.swift in Sources */ = {isa = PBXBuildFile; fileRef = 7347377E2B74B3F1004DF58E /* ImageURLs.swift */; };
		734D84E62B6D0B3C00C8F1D2 /* MetalImageView.swift in Sources */ = {isa = PBXBuildFile; fileRef = 734D84E52B6D0B3C00C8F1D2 /* MetalImageView.swift */; };
		734D84E82B6D0D8600C8F1D2 /* ImageProcessingManager.swift in Sources */ = {isa = PBXBuildFile; fileRef = 734D84E72B6D0D8600C8F1D2 /* ImageProcessingManager.swift */; };
		734D84EA2B6D25F400C8F1D2 /* MenuViewModel.swift in Sources */ = {isa = PBXBuildFile; fileRef = 734D84E92B6D25F400C8F1D2 /* MenuViewModel.swift */; };
		734D84EC2B6D262400C8F1D2 /* MenuViewModelProtocol.swift in Sources */ = {isa = PBXBuildFile; fileRef = 734D84EB2B6D262400C8F1D2 /* MenuViewModelProtocol.swift */; };
		7365DF852B6A373E0072FA8C /* AppDelegate.swift in Sources */ = {isa = PBXBuildFile; fileRef = 7365DF842B6A373E0072FA8C /* AppDelegate.swift */; };
		7365DF872B6A373E0072FA8C /* SceneDelegate.swift in Sources */ = {isa = PBXBuildFile; fileRef = 7365DF862B6A373E0072FA8C /* SceneDelegate.swift */; };
		7365DF892B6A373E0072FA8C /* MenuViewController.swift in Sources */ = {isa = PBXBuildFile; fileRef = 7365DF882B6A373E0072FA8C /* MenuViewController.swift */; };
		7365DF8F2B6A373E0072FA8C /* YPhEditor.xcdatamodeld in Sources */ = {isa = PBXBuildFile; fileRef = 7365DF8D2B6A373E0072FA8C /* YPhEditor.xcdatamodeld */; };
		7365DF942B6A37410072FA8C /* LaunchScreen.storyboard in Resources */ = {isa = PBXBuildFile; fileRef = 7365DF922B6A37410072FA8C /* LaunchScreen.storyboard */; };
		7365DF9F2B6A37410072FA8C /* YPhEditorTests.swift in Sources */ = {isa = PBXBuildFile; fileRef = 7365DF9E2B6A37410072FA8C /* YPhEditorTests.swift */; };
		7365DFA92B6A37410072FA8C /* YPhEditorUITests.swift in Sources */ = {isa = PBXBuildFile; fileRef = 7365DFA82B6A37410072FA8C /* YPhEditorUITests.swift */; };
		7365DFAB2B6A37410072FA8C /* YPhEditorUITestsLaunchTests.swift in Sources */ = {isa = PBXBuildFile; fileRef = 7365DFAA2B6A37410072FA8C /* YPhEditorUITestsLaunchTests.swift */; };
		7365DFC02B6A499D0072FA8C /* BaseViewController.swift in Sources */ = {isa = PBXBuildFile; fileRef = 7365DFBF2B6A499D0072FA8C /* BaseViewController.swift */; };
		7365DFC22B6A4B570072FA8C /* NavigationController.swift in Sources */ = {isa = PBXBuildFile; fileRef = 7365DFC12B6A4B570072FA8C /* NavigationController.swift */; };
		7365DFC42B6A553B0072FA8C /* NavBarButtonType.swift in Sources */ = {isa = PBXBuildFile; fileRef = 7365DFC32B6A553B0072FA8C /* NavBarButtonType.swift */; };
		7365DFC72B6A64080072FA8C /* MenuButton.swift in Sources */ = {isa = PBXBuildFile; fileRef = 7365DFC62B6A64080072FA8C /* MenuButton.swift */; };
		7365DFCA2B6A656B0072FA8C /* Resources.swift in Sources */ = {isa = PBXBuildFile; fileRef = 7365DFC92B6A656B0072FA8C /* Resources.swift */; };
		7365DFCD2B6A65850072FA8C /* UIView + Ext.swift in Sources */ = {isa = PBXBuildFile; fileRef = 7365DFCC2B6A65850072FA8C /* UIView + Ext.swift */; };
		7365DFD42B6A6CE70072FA8C /* String + Ext.swift in Sources */ = {isa = PBXBuildFile; fileRef = 7365DFD32B6A6CE70072FA8C /* String + Ext.swift */; };
		736F72F62B70DAAC002DEA6F /* FilterProtocol.swift in Sources */ = {isa = PBXBuildFile; fileRef = 736F72F52B70DAAC002DEA6F /* FilterProtocol.swift */; };
		738B96BB2B763CA700BCB416 /* ImageEditingViewController.swift in Sources */ = {isa = PBXBuildFile; fileRef = 738B96BA2B763CA700BCB416 /* ImageEditingViewController.swift */; };
		73A3344B2B750D0400D22153 /* CurrentImageManager.swift in Sources */ = {isa = PBXBuildFile; fileRef = 73A3344A2B750D0400D22153 /* CurrentImageManager.swift */; };
		73A3C13B2B84EAD30006BBCB /* IEFCollectionViewCellViewModel.swift in Sources */ = {isa = PBXBuildFile; fileRef = 73A3C13A2B84EAD30006BBCB /* IEFCollectionViewCellViewModel.swift */; };
		73A3C13E2B84EB440006BBCB /* IEFCollectionViewCellViewModelProtocol.swift in Sources */ = {isa = PBXBuildFile; fileRef = 73A3C13D2B84EB440006BBCB /* IEFCollectionViewCellViewModelProtocol.swift */; };
		73A3C1402B84EBAB0006BBCB /* IEFCollectionViewModel.swift in Sources */ = {isa = PBXBuildFile; fileRef = 73A3C13F2B84EBAB0006BBCB /* IEFCollectionViewModel.swift */; };
		73A3C1422B84EBE80006BBCB /* IEFCollectionViewModelProtocol.swift in Sources */ = {isa = PBXBuildFile; fileRef = 73A3C1412B84EBE80006BBCB /* IEFCollectionViewModelProtocol.swift */; };
		73A78DC92B8373980020060E /* IEFCollectionView.swift in Sources */ = {isa = PBXBuildFile; fileRef = 73A78DC82B8373980020060E /* IEFCollectionView.swift */; };
		73A78DCB2B8395DE0020060E /* IEFCollectionViewCell.swift in Sources */ = {isa = PBXBuildFile; fileRef = 73A78DCA2B8395DE0020060E /* IEFCollectionViewCell.swift */; };
		73A857D82B8DFFC400A2975A /* CGImagePropertyOrientation + Ext.swift in Sources */ = {isa = PBXBuildFile; fileRef = 73A857D72B8DFFC400A2975A /* CGImagePropertyOrientation + Ext.swift */; };
		73A857DA2B8EFB9E00A2975A /* Filter.swift in Sources */ = {isa = PBXBuildFile; fileRef = 73A857D92B8EFB9E00A2975A /* Filter.swift */; };
		73A857DF2B8F233500A2975A /* ImageEditingSliderViewModel.swift in Sources */ = {isa = PBXBuildFile; fileRef = 73A857DE2B8F233500A2975A /* ImageEditingSliderViewModel.swift */; };
		73A857E12B8F236A00A2975A /* ImageEditingSliderViewModelProtocol.swift in Sources */ = {isa = PBXBuildFile; fileRef = 73A857E02B8F236A00A2975A /* ImageEditingSliderViewModelProtocol.swift */; };
		73A857E32B8F357A00A2975A /* EffectProtocol.swift in Sources */ = {isa = PBXBuildFile; fileRef = 73A857E22B8F357A00A2975A /* EffectProtocol.swift */; };
		73A857E52B8F35B800A2975A /* Effect.swift in Sources */ = {isa = PBXBuildFile; fileRef = 73A857E42B8F35B800A2975A /* Effect.swift */; };
		73A857E72B8F9E0D00A2975A /* Transforms.swift in Sources */ = {isa = PBXBuildFile; fileRef = 73A857E62B8F9E0D00A2975A /* Transforms.swift */; };
		73B2071D2B73B08A00D79B96 /* SuggestionsViewController.swift in Sources */ = {isa = PBXBuildFile; fileRef = 73B2071B2B73B08A00D79B96 /* SuggestionsViewController.swift */; };
		73B2071E2B73B08A00D79B96 /* SuggestionsCollectionViewCell.swift in Sources */ = {isa = PBXBuildFile; fileRef = 73B2071C2B73B08A00D79B96 /* SuggestionsCollectionViewCell.swift */; };
		73B207212B73B57E00D79B96 /* RxCocoa in Frameworks */ = {isa = PBXBuildFile; productRef = 73B207202B73B57E00D79B96 /* RxCocoa */; };
		73B207232B73B57E00D79B96 /* RxSwift in Frameworks */ = {isa = PBXBuildFile; productRef = 73B207222B73B57E00D79B96 /* RxSwift */; };
		73B207262B73C47300D79B96 /* Alamofire in Frameworks */ = {isa = PBXBuildFile; productRef = 73B207252B73C47300D79B96 /* Alamofire */; };
		73B25E272B8B12A100E62324 /* CoreDataManager.swift in Sources */ = {isa = PBXBuildFile; fileRef = 73B25E262B8B12A100E62324 /* CoreDataManager.swift */; };
		73BF16ED2B7C998500443BBF /* ImageEditingViewModelProtocol.swift in Sources */ = {isa = PBXBuildFile; fileRef = 73BF16EC2B7C998500443BBF /* ImageEditingViewModelProtocol.swift */; };
		73BF16EF2B7C9A3E00443BBF /* ImageEditingViewModel.swift in Sources */ = {isa = PBXBuildFile; fileRef = 73BF16EE2B7C9A3E00443BBF /* ImageEditingViewModel.swift */; };
		73BF16F12B7C9F1300443BBF /* ImageEditingToolBar.swift in Sources */ = {isa = PBXBuildFile; fileRef = 73BF16F02B7C9F1300443BBF /* ImageEditingToolBar.swift */; };
		73BF16F32B7CB78800443BBF /* ImageEditingSlider.swift in Sources */ = {isa = PBXBuildFile; fileRef = 73BF16F22B7CB78800443BBF /* ImageEditingSlider.swift */; };
		73BF16F52B7CC47000443BBF /* UIImage + Ext.swift in Sources */ = {isa = PBXBuildFile; fileRef = 73BF16F42B7CC47000443BBF /* UIImage + Ext.swift */; };
		73CC06602B7A08E7008DCDD2 /* UIStackView + Ext.swift in Sources */ = {isa = PBXBuildFile; fileRef = 73CC065F2B7A08E7008DCDD2 /* UIStackView + Ext.swift */; };
		73CC06632B7A1033008DCDD2 /* MenuImagePickerAlert.swift in Sources */ = {isa = PBXBuildFile; fileRef = 73CC06622B7A1033008DCDD2 /* MenuImagePickerAlert.swift */; };
		73E217372B73AB81009B5EC8 /* NetworkManager.swift in Sources */ = {isa = PBXBuildFile; fileRef = 73E217362B73AB81009B5EC8 /* NetworkManager.swift */; };
		73EE84DD2B7E3B830091171A /* IESThumb.swift in Sources */ = {isa = PBXBuildFile; fileRef = 73EE84DC2B7E3B830091171A /* IESThumb.swift */; };
		73EE84DF2B7E8D860091171A /* CGFloat + Ext.swift in Sources */ = {isa = PBXBuildFile; fileRef = 73EE84DE2B7E8D860091171A /* CGFloat + Ext.swift */; };
		73EE84E12B7F41E30091171A /* IESInitValueMarker.swift in Sources */ = {isa = PBXBuildFile; fileRef = 73EE84E02B7F41E30091171A /* IESInitValueMarker.swift */; };
		73EE84E72B7F7CC20091171A /* IEFCollectionViewCellProgressView.swift in Sources */ = {isa = PBXBuildFile; fileRef = 73EE84E62B7F7CC20091171A /* IEFCollectionViewCellProgressView.swift */; };
		73F426FD2B739F49006AD7E3 /* SnapKit in Frameworks */ = {isa = PBXBuildFile; productRef = 73F426FC2B739F49006AD7E3 /* SnapKit */; };
/* End PBXBuildFile section */

/* Begin PBXContainerItemProxy section */
		7365DF9B2B6A37410072FA8C /* PBXContainerItemProxy */ = {
			isa = PBXContainerItemProxy;
			containerPortal = 7365DF792B6A373E0072FA8C /* Project object */;
			proxyType = 1;
			remoteGlobalIDString = 7365DF802B6A373E0072FA8C;
			remoteInfo = YPhEditor;
		};
		7365DFA52B6A37410072FA8C /* PBXContainerItemProxy */ = {
			isa = PBXContainerItemProxy;
			containerPortal = 7365DF792B6A373E0072FA8C /* Project object */;
			proxyType = 1;
			remoteGlobalIDString = 7365DF802B6A373E0072FA8C;
			remoteInfo = YPhEditor;
		};
/* End PBXContainerItemProxy section */

/* Begin PBXFileReference section */
		7320C2B42B727DD400DDAEAE /* SuggestionsViewModelProtocol.swift */ = {isa = PBXFileReference; lastKnownFileType = sourcecode.swift; path = SuggestionsViewModelProtocol.swift; sourceTree = "<group>"; };
		7320C2B62B727FD000DDAEAE /* SuggestionsViewModel.swift */ = {isa = PBXFileReference; lastKnownFileType = sourcecode.swift; path = SuggestionsViewModel.swift; sourceTree = "<group>"; };
		732DFBB72B6BB9F000403283 /* BaseButton.swift */ = {isa = PBXFileReference; lastKnownFileType = sourcecode.swift; path = BaseButton.swift; sourceTree = "<group>"; };
		733281BF2B8644EA00D3A4C5 /* IEFCollectionViewLayout.swift */ = {isa = PBXFileReference; lastKnownFileType = sourcecode.swift; path = IEFCollectionViewLayout.swift; sourceTree = "<group>"; };
		733281C12B87C03800D3A4C5 /* MenuBackgroundView.swift */ = {isa = PBXFileReference; lastKnownFileType = sourcecode.swift; path = MenuBackgroundView.swift; sourceTree = "<group>"; };
		733281C32B87C17300D3A4C5 /* MenuBackgroundViewModel.swift */ = {isa = PBXFileReference; lastKnownFileType = sourcecode.swift; path = MenuBackgroundViewModel.swift; sourceTree = "<group>"; };
		733281C72B87C44800D3A4C5 /* MenuBackgroundViewModelProtocol.swift */ = {isa = PBXFileReference; lastKnownFileType = sourcecode.swift; path = MenuBackgroundViewModelProtocol.swift; sourceTree = "<group>"; };
		733281C92B87C4BE00D3A4C5 /* BaseView.swift */ = {isa = PBXFileReference; lastKnownFileType = sourcecode.swift; path = BaseView.swift; sourceTree = "<group>"; };
		733281CD2B87CC1C00D3A4C5 /* ImageEditingMetalImageView.swift */ = {isa = PBXFileReference; lastKnownFileType = sourcecode.swift; path = ImageEditingMetalImageView.swift; sourceTree = "<group>"; };
		733281D02B87CF5900D3A4C5 /* ImageEditingMetalImageViewModel.swift */ = {isa = PBXFileReference; lastKnownFileType = sourcecode.swift; path = ImageEditingMetalImageViewModel.swift; sourceTree = "<group>"; };
		733281D32B87CFB500D3A4C5 /* ImageEditingMetalImageViewModelProtocol.swift */ = {isa = PBXFileReference; lastKnownFileType = sourcecode.swift; path = ImageEditingMetalImageViewModelProtocol.swift; sourceTree = "<group>"; };
		733281D52B88CA3100D3A4C5 /* Assets.xcassets */ = {isa = PBXFileReference; lastKnownFileType = folder.assetcatalog; path = Assets.xcassets; sourceTree = "<group>"; };
		7347377E2B74B3F1004DF58E /* ImageURLs.swift */ = {isa = PBXFileReference; lastKnownFileType = sourcecode.swift; path = ImageURLs.swift; sourceTree = "<group>"; };
		734D84E52B6D0B3C00C8F1D2 /* MetalImageView.swift */ = {isa = PBXFileReference; lastKnownFileType = sourcecode.swift; path = MetalImageView.swift; sourceTree = "<group>"; };
		734D84E72B6D0D8600C8F1D2 /* ImageProcessingManager.swift */ = {isa = PBXFileReference; lastKnownFileType = sourcecode.swift; path = ImageProcessingManager.swift; sourceTree = "<group>"; };
		734D84E92B6D25F400C8F1D2 /* MenuViewModel.swift */ = {isa = PBXFileReference; lastKnownFileType = sourcecode.swift; path = MenuViewModel.swift; sourceTree = "<group>"; };
		734D84EB2B6D262400C8F1D2 /* MenuViewModelProtocol.swift */ = {isa = PBXFileReference; lastKnownFileType = sourcecode.swift; path = MenuViewModelProtocol.swift; sourceTree = "<group>"; };
		7365DF812B6A373E0072FA8C /* YPhEditor.app */ = {isa = PBXFileReference; explicitFileType = wrapper.application; includeInIndex = 0; path = YPhEditor.app; sourceTree = BUILT_PRODUCTS_DIR; };
		7365DF842B6A373E0072FA8C /* AppDelegate.swift */ = {isa = PBXFileReference; lastKnownFileType = sourcecode.swift; path = AppDelegate.swift; sourceTree = "<group>"; };
		7365DF862B6A373E0072FA8C /* SceneDelegate.swift */ = {isa = PBXFileReference; lastKnownFileType = sourcecode.swift; path = SceneDelegate.swift; sourceTree = "<group>"; };
		7365DF882B6A373E0072FA8C /* MenuViewController.swift */ = {isa = PBXFileReference; lastKnownFileType = sourcecode.swift; path = MenuViewController.swift; sourceTree = "<group>"; };
		7365DF8E2B6A373E0072FA8C /* YPhEditor.xcdatamodel */ = {isa = PBXFileReference; lastKnownFileType = wrapper.xcdatamodel; path = YPhEditor.xcdatamodel; sourceTree = "<group>"; };
		7365DF932B6A37410072FA8C /* Base */ = {isa = PBXFileReference; lastKnownFileType = file.storyboard; name = Base; path = Base.lproj/LaunchScreen.storyboard; sourceTree = "<group>"; };
		7365DF952B6A37410072FA8C /* Info.plist */ = {isa = PBXFileReference; lastKnownFileType = text.plist.xml; path = Info.plist; sourceTree = "<group>"; };
		7365DF9A2B6A37410072FA8C /* YPhEditorTests.xctest */ = {isa = PBXFileReference; explicitFileType = wrapper.cfbundle; includeInIndex = 0; path = YPhEditorTests.xctest; sourceTree = BUILT_PRODUCTS_DIR; };
		7365DF9E2B6A37410072FA8C /* YPhEditorTests.swift */ = {isa = PBXFileReference; lastKnownFileType = sourcecode.swift; path = YPhEditorTests.swift; sourceTree = "<group>"; };
		7365DFA42B6A37410072FA8C /* YPhEditorUITests.xctest */ = {isa = PBXFileReference; explicitFileType = wrapper.cfbundle; includeInIndex = 0; path = YPhEditorUITests.xctest; sourceTree = BUILT_PRODUCTS_DIR; };
		7365DFA82B6A37410072FA8C /* YPhEditorUITests.swift */ = {isa = PBXFileReference; lastKnownFileType = sourcecode.swift; path = YPhEditorUITests.swift; sourceTree = "<group>"; };
		7365DFAA2B6A37410072FA8C /* YPhEditorUITestsLaunchTests.swift */ = {isa = PBXFileReference; lastKnownFileType = sourcecode.swift; path = YPhEditorUITestsLaunchTests.swift; sourceTree = "<group>"; };
		7365DFBF2B6A499D0072FA8C /* BaseViewController.swift */ = {isa = PBXFileReference; lastKnownFileType = sourcecode.swift; path = BaseViewController.swift; sourceTree = "<group>"; };
		7365DFC12B6A4B570072FA8C /* NavigationController.swift */ = {isa = PBXFileReference; lastKnownFileType = sourcecode.swift; path = NavigationController.swift; sourceTree = "<group>"; };
		7365DFC32B6A553B0072FA8C /* NavBarButtonType.swift */ = {isa = PBXFileReference; lastKnownFileType = sourcecode.swift; path = NavBarButtonType.swift; sourceTree = "<group>"; };
		7365DFC62B6A64080072FA8C /* MenuButton.swift */ = {isa = PBXFileReference; lastKnownFileType = sourcecode.swift; path = MenuButton.swift; sourceTree = "<group>"; };
		7365DFC92B6A656B0072FA8C /* Resources.swift */ = {isa = PBXFileReference; lastKnownFileType = sourcecode.swift; path = Resources.swift; sourceTree = "<group>"; };
		7365DFCC2B6A65850072FA8C /* UIView + Ext.swift */ = {isa = PBXFileReference; lastKnownFileType = sourcecode.swift; path = "UIView + Ext.swift"; sourceTree = "<group>"; };
		7365DFD32B6A6CE70072FA8C /* String + Ext.swift */ = {isa = PBXFileReference; lastKnownFileType = sourcecode.swift; path = "String + Ext.swift"; sourceTree = "<group>"; };
		736F72F52B70DAAC002DEA6F /* FilterProtocol.swift */ = {isa = PBXFileReference; lastKnownFileType = sourcecode.swift; path = FilterProtocol.swift; sourceTree = "<group>"; };
		738B96BA2B763CA700BCB416 /* ImageEditingViewController.swift */ = {isa = PBXFileReference; lastKnownFileType = sourcecode.swift; path = ImageEditingViewController.swift; sourceTree = "<group>"; };
		73A3344A2B750D0400D22153 /* CurrentImageManager.swift */ = {isa = PBXFileReference; lastKnownFileType = sourcecode.swift; path = CurrentImageManager.swift; sourceTree = "<group>"; };
		73A3C13A2B84EAD30006BBCB /* IEFCollectionViewCellViewModel.swift */ = {isa = PBXFileReference; lastKnownFileType = sourcecode.swift; path = IEFCollectionViewCellViewModel.swift; sourceTree = "<group>"; };
		73A3C13D2B84EB440006BBCB /* IEFCollectionViewCellViewModelProtocol.swift */ = {isa = PBXFileReference; lastKnownFileType = sourcecode.swift; path = IEFCollectionViewCellViewModelProtocol.swift; sourceTree = "<group>"; };
		73A3C13F2B84EBAB0006BBCB /* IEFCollectionViewModel.swift */ = {isa = PBXFileReference; lastKnownFileType = sourcecode.swift; path = IEFCollectionViewModel.swift; sourceTree = "<group>"; };
		73A3C1412B84EBE80006BBCB /* IEFCollectionViewModelProtocol.swift */ = {isa = PBXFileReference; lastKnownFileType = sourcecode.swift; path = IEFCollectionViewModelProtocol.swift; sourceTree = "<group>"; };
		73A78DC82B8373980020060E /* IEFCollectionView.swift */ = {isa = PBXFileReference; lastKnownFileType = sourcecode.swift; path = IEFCollectionView.swift; sourceTree = "<group>"; };
		73A78DCA2B8395DE0020060E /* IEFCollectionViewCell.swift */ = {isa = PBXFileReference; lastKnownFileType = sourcecode.swift; path = IEFCollectionViewCell.swift; sourceTree = "<group>"; };
		73A857D72B8DFFC400A2975A /* CGImagePropertyOrientation + Ext.swift */ = {isa = PBXFileReference; lastKnownFileType = sourcecode.swift; path = "CGImagePropertyOrientation + Ext.swift"; sourceTree = "<group>"; };
		73A857D92B8EFB9E00A2975A /* Filter.swift */ = {isa = PBXFileReference; lastKnownFileType = sourcecode.swift; path = Filter.swift; sourceTree = "<group>"; };
		73A857DE2B8F233500A2975A /* ImageEditingSliderViewModel.swift */ = {isa = PBXFileReference; lastKnownFileType = sourcecode.swift; path = ImageEditingSliderViewModel.swift; sourceTree = "<group>"; };
		73A857E02B8F236A00A2975A /* ImageEditingSliderViewModelProtocol.swift */ = {isa = PBXFileReference; lastKnownFileType = sourcecode.swift; path = ImageEditingSliderViewModelProtocol.swift; sourceTree = "<group>"; };
		73A857E22B8F357A00A2975A /* EffectProtocol.swift */ = {isa = PBXFileReference; lastKnownFileType = sourcecode.swift; path = EffectProtocol.swift; sourceTree = "<group>"; };
		73A857E42B8F35B800A2975A /* Effect.swift */ = {isa = PBXFileReference; lastKnownFileType = sourcecode.swift; path = Effect.swift; sourceTree = "<group>"; };
		73A857E62B8F9E0D00A2975A /* Transforms.swift */ = {isa = PBXFileReference; lastKnownFileType = sourcecode.swift; path = Transforms.swift; sourceTree = "<group>"; };
		73B2071B2B73B08A00D79B96 /* SuggestionsViewController.swift */ = {isa = PBXFileReference; fileEncoding = 4; lastKnownFileType = sourcecode.swift; path = SuggestionsViewController.swift; sourceTree = "<group>"; };
		73B2071C2B73B08A00D79B96 /* SuggestionsCollectionViewCell.swift */ = {isa = PBXFileReference; fileEncoding = 4; lastKnownFileType = sourcecode.swift; path = SuggestionsCollectionViewCell.swift; sourceTree = "<group>"; };
		73B25E262B8B12A100E62324 /* CoreDataManager.swift */ = {isa = PBXFileReference; lastKnownFileType = sourcecode.swift; path = CoreDataManager.swift; sourceTree = "<group>"; };
		73BF16EC2B7C998500443BBF /* ImageEditingViewModelProtocol.swift */ = {isa = PBXFileReference; lastKnownFileType = sourcecode.swift; path = ImageEditingViewModelProtocol.swift; sourceTree = "<group>"; };
		73BF16EE2B7C9A3E00443BBF /* ImageEditingViewModel.swift */ = {isa = PBXFileReference; lastKnownFileType = sourcecode.swift; path = ImageEditingViewModel.swift; sourceTree = "<group>"; };
		73BF16F02B7C9F1300443BBF /* ImageEditingToolBar.swift */ = {isa = PBXFileReference; lastKnownFileType = sourcecode.swift; path = ImageEditingToolBar.swift; sourceTree = "<group>"; };
		73BF16F22B7CB78800443BBF /* ImageEditingSlider.swift */ = {isa = PBXFileReference; lastKnownFileType = sourcecode.swift; path = ImageEditingSlider.swift; sourceTree = "<group>"; };
		73BF16F42B7CC47000443BBF /* UIImage + Ext.swift */ = {isa = PBXFileReference; lastKnownFileType = sourcecode.swift; path = "UIImage + Ext.swift"; sourceTree = "<group>"; };
		73CC065F2B7A08E7008DCDD2 /* UIStackView + Ext.swift */ = {isa = PBXFileReference; lastKnownFileType = sourcecode.swift; path = "UIStackView + Ext.swift"; sourceTree = "<group>"; };
		73CC06622B7A1033008DCDD2 /* MenuImagePickerAlert.swift */ = {isa = PBXFileReference; lastKnownFileType = sourcecode.swift; path = MenuImagePickerAlert.swift; sourceTree = "<group>"; };
		73E217362B73AB81009B5EC8 /* NetworkManager.swift */ = {isa = PBXFileReference; lastKnownFileType = sourcecode.swift; path = NetworkManager.swift; sourceTree = "<group>"; };
		73EE84DC2B7E3B830091171A /* IESThumb.swift */ = {isa = PBXFileReference; lastKnownFileType = sourcecode.swift; path = IESThumb.swift; sourceTree = "<group>"; };
		73EE84DE2B7E8D860091171A /* CGFloat + Ext.swift */ = {isa = PBXFileReference; lastKnownFileType = sourcecode.swift; path = "CGFloat + Ext.swift"; sourceTree = "<group>"; };
		73EE84E02B7F41E30091171A /* IESInitValueMarker.swift */ = {isa = PBXFileReference; lastKnownFileType = sourcecode.swift; path = IESInitValueMarker.swift; sourceTree = "<group>"; };
		73EE84E62B7F7CC20091171A /* IEFCollectionViewCellProgressView.swift */ = {isa = PBXFileReference; lastKnownFileType = sourcecode.swift; path = IEFCollectionViewCellProgressView.swift; sourceTree = "<group>"; };
/* End PBXFileReference section */

/* Begin PBXFrameworksBuildPhase section */
		7365DF7E2B6A373E0072FA8C /* Frameworks */ = {
			isa = PBXFrameworksBuildPhase;
			buildActionMask = 2147483647;
			files = (
				73B207232B73B57E00D79B96 /* RxSwift in Frameworks */,
				73B207262B73C47300D79B96 /* Alamofire in Frameworks */,
				73B207212B73B57E00D79B96 /* RxCocoa in Frameworks */,
				73F426FD2B739F49006AD7E3 /* SnapKit in Frameworks */,
			);
			runOnlyForDeploymentPostprocessing = 0;
		};
		7365DF972B6A37410072FA8C /* Frameworks */ = {
			isa = PBXFrameworksBuildPhase;
			buildActionMask = 2147483647;
			files = (
			);
			runOnlyForDeploymentPostprocessing = 0;
		};
		7365DFA12B6A37410072FA8C /* Frameworks */ = {
			isa = PBXFrameworksBuildPhase;
			buildActionMask = 2147483647;
			files = (
			);
			runOnlyForDeploymentPostprocessing = 0;
		};
/* End PBXFrameworksBuildPhase section */

/* Begin PBXGroup section */
		733281C52B87C3E500D3A4C5 /* MenuBackgroundView */ = {
			isa = PBXGroup;
			children = (
				733281C32B87C17300D3A4C5 /* MenuBackgroundViewModel.swift */,
				733281C12B87C03800D3A4C5 /* MenuBackgroundView.swift */,
			);
			path = MenuBackgroundView;
			sourceTree = "<group>";
		};
		733281C62B87C42500D3A4C5 /* MenuProtocols */ = {
			isa = PBXGroup;
			children = (
				734D84EB2B6D262400C8F1D2 /* MenuViewModelProtocol.swift */,
				733281C72B87C44800D3A4C5 /* MenuBackgroundViewModelProtocol.swift */,
			);
			path = MenuProtocols;
			sourceTree = "<group>";
		};
		733281CF2B87CF2500D3A4C5 /* ImageEditingImageView */ = {
			isa = PBXGroup;
			children = (
				733281D02B87CF5900D3A4C5 /* ImageEditingMetalImageViewModel.swift */,
				733281CD2B87CC1C00D3A4C5 /* ImageEditingMetalImageView.swift */,
			);
			path = ImageEditingImageView;
			sourceTree = "<group>";
		};
		733281D22B87CF7B00D3A4C5 /* IEFCollectionViewModelsProtocols */ = {
			isa = PBXGroup;
			children = (
				73A3C13D2B84EB440006BBCB /* IEFCollectionViewCellViewModelProtocol.swift */,
				73A3C1412B84EBE80006BBCB /* IEFCollectionViewModelProtocol.swift */,
			);
			path = IEFCollectionViewModelsProtocols;
			sourceTree = "<group>";
		};
		7365DF782B6A373E0072FA8C = {
			isa = PBXGroup;
			children = (
				7365DF832B6A373E0072FA8C /* YPhEditor */,
				7365DF9D2B6A37410072FA8C /* YPhEditorTests */,
				7365DFA72B6A37410072FA8C /* YPhEditorUITests */,
				7365DF822B6A373E0072FA8C /* Products */,
			);
			sourceTree = "<group>";
		};
		7365DF822B6A373E0072FA8C /* Products */ = {
			isa = PBXGroup;
			children = (
				7365DF812B6A373E0072FA8C /* YPhEditor.app */,
				7365DF9A2B6A37410072FA8C /* YPhEditorTests.xctest */,
				7365DFA42B6A37410072FA8C /* YPhEditorUITests.xctest */,
			);
			name = Products;
			sourceTree = "<group>";
		};
		7365DF832B6A373E0072FA8C /* YPhEditor */ = {
			isa = PBXGroup;
			children = (
				7365DFBA2B6A42560072FA8C /* Model */,
				7365DFBC2B6A471C0072FA8C /* Types */,
				7365DFBB2B6A470D0072FA8C /* View */,
				7365DFC82B6A654B0072FA8C /* Helpers */,
				7365DFB92B6A42310072FA8C /* SupportingFiles */,
				7365DFB82B6A420D0072FA8C /* Application */,
			);
			path = YPhEditor;
			sourceTree = "<group>";
		};
		7365DF9D2B6A37410072FA8C /* YPhEditorTests */ = {
			isa = PBXGroup;
			children = (
				7365DF9E2B6A37410072FA8C /* YPhEditorTests.swift */,
			);
			path = YPhEditorTests;
			sourceTree = "<group>";
		};
		7365DFA72B6A37410072FA8C /* YPhEditorUITests */ = {
			isa = PBXGroup;
			children = (
				7365DFA82B6A37410072FA8C /* YPhEditorUITests.swift */,
				7365DFAA2B6A37410072FA8C /* YPhEditorUITestsLaunchTests.swift */,
			);
			path = YPhEditorUITests;
			sourceTree = "<group>";
		};
		7365DFB82B6A420D0072FA8C /* Application */ = {
			isa = PBXGroup;
			children = (
				7365DF862B6A373E0072FA8C /* SceneDelegate.swift */,
				7365DF842B6A373E0072FA8C /* AppDelegate.swift */,
			);
			path = Application;
			sourceTree = "<group>";
		};
		7365DFB92B6A42310072FA8C /* SupportingFiles */ = {
			isa = PBXGroup;
			children = (
				733281D52B88CA3100D3A4C5 /* Assets.xcassets */,
				7365DF952B6A37410072FA8C /* Info.plist */,
				7365DF922B6A37410072FA8C /* LaunchScreen.storyboard */,
			);
			path = SupportingFiles;
			sourceTree = "<group>";
		};
		7365DFBA2B6A42560072FA8C /* Model */ = {
			isa = PBXGroup;
			children = (
				73B25E282B8B12A600E62324 /* CoreData */,
				73A334492B74D5C500D22153 /* Network */,
				73A857DB2B8F163300A2975A /* ImageProcessingManager */,
				73A3344A2B750D0400D22153 /* CurrentImageManager.swift */,
			);
			path = Model;
			sourceTree = "<group>";
		};
		7365DFBB2B6A470D0072FA8C /* View */ = {
			isa = PBXGroup;
			children = (
				7365DFC12B6A4B570072FA8C /* NavigationController.swift */,
				7365DFBE2B6A498A0072FA8C /* Base */,
				7365DFC52B6A63DB0072FA8C /* MenuView */,
				73B2071A2B73B08A00D79B96 /* SuggestionsView */,
				73A3344C2B760C9C00D22153 /* ImageEditingView */,
			);
			path = View;
			sourceTree = "<group>";
		};
		7365DFBC2B6A471C0072FA8C /* Types */ = {
			isa = PBXGroup;
			children = (
				736F72F72B70E421002DEA6F /* ViewModelProtocols */,
				736F72F52B70DAAC002DEA6F /* FilterProtocol.swift */,
				73A857E22B8F357A00A2975A /* EffectProtocol.swift */,
				7365DFC32B6A553B0072FA8C /* NavBarButtonType.swift */,
			);
			path = Types;
			sourceTree = "<group>";
		};
		7365DFBE2B6A498A0072FA8C /* Base */ = {
			isa = PBXGroup;
			children = (
				7365DFBF2B6A499D0072FA8C /* BaseViewController.swift */,
				733281C92B87C4BE00D3A4C5 /* BaseView.swift */,
				732DFBB72B6BB9F000403283 /* BaseButton.swift */,
				734D84E52B6D0B3C00C8F1D2 /* MetalImageView.swift */,
			);
			path = Base;
			sourceTree = "<group>";
		};
		7365DFC52B6A63DB0072FA8C /* MenuView */ = {
			isa = PBXGroup;
			children = (
				734D84E92B6D25F400C8F1D2 /* MenuViewModel.swift */,
				7365DF882B6A373E0072FA8C /* MenuViewController.swift */,
				733281C52B87C3E500D3A4C5 /* MenuBackgroundView */,
				7365DFC62B6A64080072FA8C /* MenuButton.swift */,
				73CC06622B7A1033008DCDD2 /* MenuImagePickerAlert.swift */,
			);
			path = MenuView;
			sourceTree = "<group>";
		};
		7365DFC82B6A654B0072FA8C /* Helpers */ = {
			isa = PBXGroup;
			children = (
				7365DFC92B6A656B0072FA8C /* Resources.swift */,
				7365DFCB2B6A65720072FA8C /* Extensions */,
			);
			path = Helpers;
			sourceTree = "<group>";
		};
		7365DFCB2B6A65720072FA8C /* Extensions */ = {
			isa = PBXGroup;
			children = (
				7365DFCC2B6A65850072FA8C /* UIView + Ext.swift */,
				7365DFD32B6A6CE70072FA8C /* String + Ext.swift */,
				73CC065F2B7A08E7008DCDD2 /* UIStackView + Ext.swift */,
				73BF16F42B7CC47000443BBF /* UIImage + Ext.swift */,
				73EE84DE2B7E8D860091171A /* CGFloat + Ext.swift */,
				73A857D72B8DFFC400A2975A /* CGImagePropertyOrientation + Ext.swift */,
			);
			path = Extensions;
			sourceTree = "<group>";
		};
		736F72F72B70E421002DEA6F /* ViewModelProtocols */ = {
			isa = PBXGroup;
			children = (
				733281C62B87C42500D3A4C5 /* MenuProtocols */,
				7320C2B42B727DD400DDAEAE /* SuggestionsViewModelProtocol.swift */,
				73A3C13C2B84EB2C0006BBCB /* ImageEditingProtocols */,
			);
			path = ViewModelProtocols;
			sourceTree = "<group>";
		};
		73A334492B74D5C500D22153 /* Network */ = {
			isa = PBXGroup;
			children = (
				73E217362B73AB81009B5EC8 /* NetworkManager.swift */,
				7347377E2B74B3F1004DF58E /* ImageURLs.swift */,
			);
			path = Network;
			sourceTree = "<group>";
		};
		73A3344C2B760C9C00D22153 /* ImageEditingView */ = {
			isa = PBXGroup;
			children = (
				73BF16EE2B7C9A3E00443BBF /* ImageEditingViewModel.swift */,
				738B96BA2B763CA700BCB416 /* ImageEditingViewController.swift */,
				73BF16F02B7C9F1300443BBF /* ImageEditingToolBar.swift */,
				73EE84DB2B7E3B620091171A /* ImageEditingSlider */,
				73EE84E42B7F7C990091171A /* ImageEditingFiltersCollectionView */,
				733281CF2B87CF2500D3A4C5 /* ImageEditingImageView */,
			);
			path = ImageEditingView;
			sourceTree = "<group>";
		};
		73A3C13C2B84EB2C0006BBCB /* ImageEditingProtocols */ = {
			isa = PBXGroup;
			children = (
				73BF16EC2B7C998500443BBF /* ImageEditingViewModelProtocol.swift */,
				733281D22B87CF7B00D3A4C5 /* IEFCollectionViewModelsProtocols */,
				733281D32B87CFB500D3A4C5 /* ImageEditingMetalImageViewModelProtocol.swift */,
				73A857E02B8F236A00A2975A /* ImageEditingSliderViewModelProtocol.swift */,
			);
			path = ImageEditingProtocols;
			sourceTree = "<group>";
		};
		73A78DCC2B8399090020060E /* CollectionViewCell */ = {
			isa = PBXGroup;
			children = (
				73A3C13A2B84EAD30006BBCB /* IEFCollectionViewCellViewModel.swift */,
				73A78DCA2B8395DE0020060E /* IEFCollectionViewCell.swift */,
				73EE84E62B7F7CC20091171A /* IEFCollectionViewCellProgressView.swift */,
			);
			path = CollectionViewCell;
			sourceTree = "<group>";
		};
		73A857DB2B8F163300A2975A /* ImageProcessingManager */ = {
			isa = PBXGroup;
			children = (
				734D84E72B6D0D8600C8F1D2 /* ImageProcessingManager.swift */,
				73A857D92B8EFB9E00A2975A /* Filter.swift */,
				73A857E42B8F35B800A2975A /* Effect.swift */,
				73A857E62B8F9E0D00A2975A /* Transforms.swift */,
			);
			path = ImageProcessingManager;
			sourceTree = "<group>";
		};
		73B2071A2B73B08A00D79B96 /* SuggestionsView */ = {
			isa = PBXGroup;
			children = (
				7320C2B62B727FD000DDAEAE /* SuggestionsViewModel.swift */,
				73B2071B2B73B08A00D79B96 /* SuggestionsViewController.swift */,
				73B2071C2B73B08A00D79B96 /* SuggestionsCollectionViewCell.swift */,
			);
			path = SuggestionsView;
			sourceTree = "<group>";
		};
		73B25E282B8B12A600E62324 /* CoreData */ = {
			isa = PBXGroup;
			children = (
				73B25E262B8B12A100E62324 /* CoreDataManager.swift */,
				7365DF8D2B6A373E0072FA8C /* YPhEditor.xcdatamodeld */,
			);
			path = CoreData;
			sourceTree = "<group>";
		};
		73EE84DB2B7E3B620091171A /* ImageEditingSlider */ = {
			isa = PBXGroup;
			children = (
				73A857DE2B8F233500A2975A /* ImageEditingSliderViewModel.swift */,
				73BF16F22B7CB78800443BBF /* ImageEditingSlider.swift */,
				73EE84DC2B7E3B830091171A /* IESThumb.swift */,
				73EE84E02B7F41E30091171A /* IESInitValueMarker.swift */,
			);
			path = ImageEditingSlider;
			sourceTree = "<group>";
		};
		73EE84E42B7F7C990091171A /* ImageEditingFiltersCollectionView */ = {
			isa = PBXGroup;
			children = (
				73A3C13F2B84EBAB0006BBCB /* IEFCollectionViewModel.swift */,
				73A78DC82B8373980020060E /* IEFCollectionView.swift */,
				733281BF2B8644EA00D3A4C5 /* IEFCollectionViewLayout.swift */,
				73A78DCC2B8399090020060E /* CollectionViewCell */,
			);
			path = ImageEditingFiltersCollectionView;
			sourceTree = "<group>";
		};
/* End PBXGroup section */

/* Begin PBXNativeTarget section */
		7365DF802B6A373E0072FA8C /* YPhEditor */ = {
			isa = PBXNativeTarget;
			buildConfigurationList = 7365DFAE2B6A37410072FA8C /* Build configuration list for PBXNativeTarget "YPhEditor" */;
			buildPhases = (
				7365DF7D2B6A373E0072FA8C /* Sources */,
				7365DF7E2B6A373E0072FA8C /* Frameworks */,
				7365DF7F2B6A373E0072FA8C /* Resources */,
			);
			buildRules = (
			);
			dependencies = (
			);
			name = YPhEditor;
			packageProductDependencies = (
				73F426FC2B739F49006AD7E3 /* SnapKit */,
				73B207202B73B57E00D79B96 /* RxCocoa */,
				73B207222B73B57E00D79B96 /* RxSwift */,
				73B207252B73C47300D79B96 /* Alamofire */,
			);
			productName = YPhEditor;
			productReference = 7365DF812B6A373E0072FA8C /* YPhEditor.app */;
			productType = "com.apple.product-type.application";
		};
		7365DF992B6A37410072FA8C /* YPhEditorTests */ = {
			isa = PBXNativeTarget;
			buildConfigurationList = 7365DFB12B6A37410072FA8C /* Build configuration list for PBXNativeTarget "YPhEditorTests" */;
			buildPhases = (
				7365DF962B6A37410072FA8C /* Sources */,
				7365DF972B6A37410072FA8C /* Frameworks */,
				7365DF982B6A37410072FA8C /* Resources */,
			);
			buildRules = (
			);
			dependencies = (
				7365DF9C2B6A37410072FA8C /* PBXTargetDependency */,
			);
			name = YPhEditorTests;
			productName = YPhEditorTests;
			productReference = 7365DF9A2B6A37410072FA8C /* YPhEditorTests.xctest */;
			productType = "com.apple.product-type.bundle.unit-test";
		};
		7365DFA32B6A37410072FA8C /* YPhEditorUITests */ = {
			isa = PBXNativeTarget;
			buildConfigurationList = 7365DFB42B6A37410072FA8C /* Build configuration list for PBXNativeTarget "YPhEditorUITests" */;
			buildPhases = (
				7365DFA02B6A37410072FA8C /* Sources */,
				7365DFA12B6A37410072FA8C /* Frameworks */,
				7365DFA22B6A37410072FA8C /* Resources */,
			);
			buildRules = (
			);
			dependencies = (
				7365DFA62B6A37410072FA8C /* PBXTargetDependency */,
			);
			name = YPhEditorUITests;
			productName = YPhEditorUITests;
			productReference = 7365DFA42B6A37410072FA8C /* YPhEditorUITests.xctest */;
			productType = "com.apple.product-type.bundle.ui-testing";
		};
/* End PBXNativeTarget section */

/* Begin PBXProject section */
		7365DF792B6A373E0072FA8C /* Project object */ = {
			isa = PBXProject;
			attributes = {
				BuildIndependentTargetsInParallel = 1;
				LastSwiftUpdateCheck = 1520;
				LastUpgradeCheck = 1520;
				TargetAttributes = {
					7365DF802B6A373E0072FA8C = {
						CreatedOnToolsVersion = 15.2;
					};
					7365DF992B6A37410072FA8C = {
						CreatedOnToolsVersion = 15.2;
						TestTargetID = 7365DF802B6A373E0072FA8C;
					};
					7365DFA32B6A37410072FA8C = {
						CreatedOnToolsVersion = 15.2;
						TestTargetID = 7365DF802B6A373E0072FA8C;
					};
				};
			};
			buildConfigurationList = 7365DF7C2B6A373E0072FA8C /* Build configuration list for PBXProject "YPhEditor" */;
			compatibilityVersion = "Xcode 14.0";
			developmentRegion = en;
			hasScannedForEncodings = 0;
			knownRegions = (
				en,
				Base,
			);
			mainGroup = 7365DF782B6A373E0072FA8C;
			packageReferences = (
				73F426FB2B739F49006AD7E3 /* XCRemoteSwiftPackageReference "SnapKit" */,
				73B2071F2B73B57E00D79B96 /* XCRemoteSwiftPackageReference "RxSwift" */,
				73B207242B73C47300D79B96 /* XCRemoteSwiftPackageReference "Alamofire" */,
			);
			productRefGroup = 7365DF822B6A373E0072FA8C /* Products */;
			projectDirPath = "";
			projectRoot = "";
			targets = (
				7365DF802B6A373E0072FA8C /* YPhEditor */,
				7365DF992B6A37410072FA8C /* YPhEditorTests */,
				7365DFA32B6A37410072FA8C /* YPhEditorUITests */,
			);
		};
/* End PBXProject section */

/* Begin PBXResourcesBuildPhase section */
		7365DF7F2B6A373E0072FA8C /* Resources */ = {
			isa = PBXResourcesBuildPhase;
			buildActionMask = 2147483647;
			files = (
				733281D62B88CA3100D3A4C5 /* Assets.xcassets in Resources */,
				7365DF942B6A37410072FA8C /* LaunchScreen.storyboard in Resources */,
			);
			runOnlyForDeploymentPostprocessing = 0;
		};
		7365DF982B6A37410072FA8C /* Resources */ = {
			isa = PBXResourcesBuildPhase;
			buildActionMask = 2147483647;
			files = (
			);
			runOnlyForDeploymentPostprocessing = 0;
		};
		7365DFA22B6A37410072FA8C /* Resources */ = {
			isa = PBXResourcesBuildPhase;
			buildActionMask = 2147483647;
			files = (
			);
			runOnlyForDeploymentPostprocessing = 0;
		};
/* End PBXResourcesBuildPhase section */

/* Begin PBXSourcesBuildPhase section */
		7365DF7D2B6A373E0072FA8C /* Sources */ = {
			isa = PBXSourcesBuildPhase;
			buildActionMask = 2147483647;
			files = (
				738B96BB2B763CA700BCB416 /* ImageEditingViewController.swift in Sources */,
				7365DFD42B6A6CE70072FA8C /* String + Ext.swift in Sources */,
				733281C22B87C03800D3A4C5 /* MenuBackgroundView.swift in Sources */,
				73BF16F12B7C9F1300443BBF /* ImageEditingToolBar.swift in Sources */,
				73A857E12B8F236A00A2975A /* ImageEditingSliderViewModelProtocol.swift in Sources */,
				733281D12B87CF5900D3A4C5 /* ImageEditingMetalImageViewModel.swift in Sources */,
				73A3C1402B84EBAB0006BBCB /* IEFCollectionViewModel.swift in Sources */,
				7365DFC02B6A499D0072FA8C /* BaseViewController.swift in Sources */,
				733281D42B87CFB500D3A4C5 /* ImageEditingMetalImageViewModelProtocol.swift in Sources */,
				733281CE2B87CC1C00D3A4C5 /* ImageEditingMetalImageView.swift in Sources */,
				7347377F2B74B3F1004DF58E /* ImageURLs.swift in Sources */,
				734D84E82B6D0D8600C8F1D2 /* ImageProcessingManager.swift in Sources */,
				73CC06602B7A08E7008DCDD2 /* UIStackView + Ext.swift in Sources */,
				734D84EA2B6D25F400C8F1D2 /* MenuViewModel.swift in Sources */,
				73A3C13E2B84EB440006BBCB /* IEFCollectionViewCellViewModelProtocol.swift in Sources */,
				73A3344B2B750D0400D22153 /* CurrentImageManager.swift in Sources */,
				73A3C13B2B84EAD30006BBCB /* IEFCollectionViewCellViewModel.swift in Sources */,
				73E217372B73AB81009B5EC8 /* NetworkManager.swift in Sources */,
				7320C2B72B727FD000DDAEAE /* SuggestionsViewModel.swift in Sources */,
				73EE84E12B7F41E30091171A /* IESInitValueMarker.swift in Sources */,
				73BF16F52B7CC47000443BBF /* UIImage + Ext.swift in Sources */,
				73CC06632B7A1033008DCDD2 /* MenuImagePickerAlert.swift in Sources */,
				73B25E272B8B12A100E62324 /* CoreDataManager.swift in Sources */,
				73A3C1422B84EBE80006BBCB /* IEFCollectionViewModelProtocol.swift in Sources */,
				73A857E52B8F35B800A2975A /* Effect.swift in Sources */,
				7365DFC22B6A4B570072FA8C /* NavigationController.swift in Sources */,
				73EE84DD2B7E3B830091171A /* IESThumb.swift in Sources */,
				73A78DCB2B8395DE0020060E /* IEFCollectionViewCell.swift in Sources */,
				7365DF892B6A373E0072FA8C /* MenuViewController.swift in Sources */,
				734D84E62B6D0B3C00C8F1D2 /* MetalImageView.swift in Sources */,
				73A857E72B8F9E0D00A2975A /* Transforms.swift in Sources */,
				733281C42B87C17300D3A4C5 /* MenuBackgroundViewModel.swift in Sources */,
				736F72F62B70DAAC002DEA6F /* FilterProtocol.swift in Sources */,
				73BF16F32B7CB78800443BBF /* ImageEditingSlider.swift in Sources */,
				73EE84E72B7F7CC20091171A /* IEFCollectionViewCellProgressView.swift in Sources */,
				73B2071E2B73B08A00D79B96 /* SuggestionsCollectionViewCell.swift in Sources */,
				7320C2B52B727DD400DDAEAE /* SuggestionsViewModelProtocol.swift in Sources */,
				7365DF852B6A373E0072FA8C /* AppDelegate.swift in Sources */,
				7365DFCD2B6A65850072FA8C /* UIView + Ext.swift in Sources */,
				734D84EC2B6D262400C8F1D2 /* MenuViewModelProtocol.swift in Sources */,
				73A857E32B8F357A00A2975A /* EffectProtocol.swift in Sources */,
				73A857DF2B8F233500A2975A /* ImageEditingSliderViewModel.swift in Sources */,
				73BF16EF2B7C9A3E00443BBF /* ImageEditingViewModel.swift in Sources */,
				733281C02B8644EA00D3A4C5 /* IEFCollectionViewLayout.swift in Sources */,
				7365DFC72B6A64080072FA8C /* MenuButton.swift in Sources */,
				73BF16ED2B7C998500443BBF /* ImageEditingViewModelProtocol.swift in Sources */,
				733281C82B87C44800D3A4C5 /* MenuBackgroundViewModelProtocol.swift in Sources */,
				73A857DA2B8EFB9E00A2975A /* Filter.swift in Sources */,
				7365DFC42B6A553B0072FA8C /* NavBarButtonType.swift in Sources */,
				7365DFCA2B6A656B0072FA8C /* Resources.swift in Sources */,
				7365DF8F2B6A373E0072FA8C /* YPhEditor.xcdatamodeld in Sources */,
				73A78DC92B8373980020060E /* IEFCollectionView.swift in Sources */,
				732DFBB82B6BB9F100403283 /* BaseButton.swift in Sources */,
				7365DF872B6A373E0072FA8C /* SceneDelegate.swift in Sources */,
				73EE84DF2B7E8D860091171A /* CGFloat + Ext.swift in Sources */,
				73B2071D2B73B08A00D79B96 /* SuggestionsViewController.swift in Sources */,
				733281CA2B87C4BE00D3A4C5 /* BaseView.swift in Sources */,
				73A857D82B8DFFC400A2975A /* CGImagePropertyOrientation + Ext.swift in Sources */,
			);
			runOnlyForDeploymentPostprocessing = 0;
		};
		7365DF962B6A37410072FA8C /* Sources */ = {
			isa = PBXSourcesBuildPhase;
			buildActionMask = 2147483647;
			files = (
				7365DF9F2B6A37410072FA8C /* YPhEditorTests.swift in Sources */,
			);
			runOnlyForDeploymentPostprocessing = 0;
		};
		7365DFA02B6A37410072FA8C /* Sources */ = {
			isa = PBXSourcesBuildPhase;
			buildActionMask = 2147483647;
			files = (
				7365DFA92B6A37410072FA8C /* YPhEditorUITests.swift in Sources */,
				7365DFAB2B6A37410072FA8C /* YPhEditorUITestsLaunchTests.swift in Sources */,
			);
			runOnlyForDeploymentPostprocessing = 0;
		};
/* End PBXSourcesBuildPhase section */

/* Begin PBXTargetDependency section */
		7365DF9C2B6A37410072FA8C /* PBXTargetDependency */ = {
			isa = PBXTargetDependency;
			target = 7365DF802B6A373E0072FA8C /* YPhEditor */;
			targetProxy = 7365DF9B2B6A37410072FA8C /* PBXContainerItemProxy */;
		};
		7365DFA62B6A37410072FA8C /* PBXTargetDependency */ = {
			isa = PBXTargetDependency;
			target = 7365DF802B6A373E0072FA8C /* YPhEditor */;
			targetProxy = 7365DFA52B6A37410072FA8C /* PBXContainerItemProxy */;
		};
/* End PBXTargetDependency section */

/* Begin PBXVariantGroup section */
		7365DF922B6A37410072FA8C /* LaunchScreen.storyboard */ = {
			isa = PBXVariantGroup;
			children = (
				7365DF932B6A37410072FA8C /* Base */,
			);
			name = LaunchScreen.storyboard;
			sourceTree = "<group>";
		};
/* End PBXVariantGroup section */

/* Begin XCBuildConfiguration section */
		7365DFAC2B6A37410072FA8C /* Debug */ = {
			isa = XCBuildConfiguration;
			buildSettings = {
				ALWAYS_SEARCH_USER_PATHS = NO;
				ASSETCATALOG_COMPILER_GENERATE_SWIFT_ASSET_SYMBOL_EXTENSIONS = YES;
				CLANG_ANALYZER_NONNULL = YES;
				CLANG_ANALYZER_NUMBER_OBJECT_CONVERSION = YES_AGGRESSIVE;
				CLANG_CXX_LANGUAGE_STANDARD = "gnu++20";
				CLANG_ENABLE_MODULES = YES;
				CLANG_ENABLE_OBJC_ARC = YES;
				CLANG_ENABLE_OBJC_WEAK = YES;
				CLANG_WARN_BLOCK_CAPTURE_AUTORELEASING = YES;
				CLANG_WARN_BOOL_CONVERSION = YES;
				CLANG_WARN_COMMA = YES;
				CLANG_WARN_CONSTANT_CONVERSION = YES;
				CLANG_WARN_DEPRECATED_OBJC_IMPLEMENTATIONS = YES;
				CLANG_WARN_DIRECT_OBJC_ISA_USAGE = YES_ERROR;
				CLANG_WARN_DOCUMENTATION_COMMENTS = YES;
				CLANG_WARN_EMPTY_BODY = YES;
				CLANG_WARN_ENUM_CONVERSION = YES;
				CLANG_WARN_INFINITE_RECURSION = YES;
				CLANG_WARN_INT_CONVERSION = YES;
				CLANG_WARN_NON_LITERAL_NULL_CONVERSION = YES;
				CLANG_WARN_OBJC_IMPLICIT_RETAIN_SELF = YES;
				CLANG_WARN_OBJC_LITERAL_CONVERSION = YES;
				CLANG_WARN_OBJC_ROOT_CLASS = YES_ERROR;
				CLANG_WARN_QUOTED_INCLUDE_IN_FRAMEWORK_HEADER = YES;
				CLANG_WARN_RANGE_LOOP_ANALYSIS = YES;
				CLANG_WARN_STRICT_PROTOTYPES = YES;
				CLANG_WARN_SUSPICIOUS_MOVE = YES;
				CLANG_WARN_UNGUARDED_AVAILABILITY = YES_AGGRESSIVE;
				CLANG_WARN_UNREACHABLE_CODE = YES;
				CLANG_WARN__DUPLICATE_METHOD_MATCH = YES;
				COPY_PHASE_STRIP = NO;
				DEBUG_INFORMATION_FORMAT = dwarf;
				ENABLE_STRICT_OBJC_MSGSEND = YES;
				ENABLE_TESTABILITY = YES;
				ENABLE_USER_SCRIPT_SANDBOXING = YES;
				GCC_C_LANGUAGE_STANDARD = gnu17;
				GCC_DYNAMIC_NO_PIC = NO;
				GCC_NO_COMMON_BLOCKS = YES;
				GCC_OPTIMIZATION_LEVEL = 0;
				GCC_PREPROCESSOR_DEFINITIONS = (
					"DEBUG=1",
					"$(inherited)",
				);
				GCC_WARN_64_TO_32_BIT_CONVERSION = YES;
				GCC_WARN_ABOUT_RETURN_TYPE = YES_ERROR;
				GCC_WARN_UNDECLARED_SELECTOR = YES;
				GCC_WARN_UNINITIALIZED_AUTOS = YES_AGGRESSIVE;
				GCC_WARN_UNUSED_FUNCTION = YES;
				GCC_WARN_UNUSED_VARIABLE = YES;
				IPHONEOS_DEPLOYMENT_TARGET = 16.0;
				LOCALIZATION_PREFERS_STRING_CATALOGS = YES;
				MTL_ENABLE_DEBUG_INFO = INCLUDE_SOURCE;
				MTL_FAST_MATH = YES;
				ONLY_ACTIVE_ARCH = YES;
				SDKROOT = iphoneos;
				SWIFT_ACTIVE_COMPILATION_CONDITIONS = "DEBUG $(inherited)";
				SWIFT_OPTIMIZATION_LEVEL = "-Onone";
			};
			name = Debug;
		};
		7365DFAD2B6A37410072FA8C /* Release */ = {
			isa = XCBuildConfiguration;
			buildSettings = {
				ALWAYS_SEARCH_USER_PATHS = NO;
				ASSETCATALOG_COMPILER_GENERATE_SWIFT_ASSET_SYMBOL_EXTENSIONS = YES;
				CLANG_ANALYZER_NONNULL = YES;
				CLANG_ANALYZER_NUMBER_OBJECT_CONVERSION = YES_AGGRESSIVE;
				CLANG_CXX_LANGUAGE_STANDARD = "gnu++20";
				CLANG_ENABLE_MODULES = YES;
				CLANG_ENABLE_OBJC_ARC = YES;
				CLANG_ENABLE_OBJC_WEAK = YES;
				CLANG_WARN_BLOCK_CAPTURE_AUTORELEASING = YES;
				CLANG_WARN_BOOL_CONVERSION = YES;
				CLANG_WARN_COMMA = YES;
				CLANG_WARN_CONSTANT_CONVERSION = YES;
				CLANG_WARN_DEPRECATED_OBJC_IMPLEMENTATIONS = YES;
				CLANG_WARN_DIRECT_OBJC_ISA_USAGE = YES_ERROR;
				CLANG_WARN_DOCUMENTATION_COMMENTS = YES;
				CLANG_WARN_EMPTY_BODY = YES;
				CLANG_WARN_ENUM_CONVERSION = YES;
				CLANG_WARN_INFINITE_RECURSION = YES;
				CLANG_WARN_INT_CONVERSION = YES;
				CLANG_WARN_NON_LITERAL_NULL_CONVERSION = YES;
				CLANG_WARN_OBJC_IMPLICIT_RETAIN_SELF = YES;
				CLANG_WARN_OBJC_LITERAL_CONVERSION = YES;
				CLANG_WARN_OBJC_ROOT_CLASS = YES_ERROR;
				CLANG_WARN_QUOTED_INCLUDE_IN_FRAMEWORK_HEADER = YES;
				CLANG_WARN_RANGE_LOOP_ANALYSIS = YES;
				CLANG_WARN_STRICT_PROTOTYPES = YES;
				CLANG_WARN_SUSPICIOUS_MOVE = YES;
				CLANG_WARN_UNGUARDED_AVAILABILITY = YES_AGGRESSIVE;
				CLANG_WARN_UNREACHABLE_CODE = YES;
				CLANG_WARN__DUPLICATE_METHOD_MATCH = YES;
				COPY_PHASE_STRIP = NO;
				DEBUG_INFORMATION_FORMAT = "dwarf-with-dsym";
				ENABLE_NS_ASSERTIONS = NO;
				ENABLE_STRICT_OBJC_MSGSEND = YES;
				ENABLE_USER_SCRIPT_SANDBOXING = YES;
				GCC_C_LANGUAGE_STANDARD = gnu17;
				GCC_NO_COMMON_BLOCKS = YES;
				GCC_WARN_64_TO_32_BIT_CONVERSION = YES;
				GCC_WARN_ABOUT_RETURN_TYPE = YES_ERROR;
				GCC_WARN_UNDECLARED_SELECTOR = YES;
				GCC_WARN_UNINITIALIZED_AUTOS = YES_AGGRESSIVE;
				GCC_WARN_UNUSED_FUNCTION = YES;
				GCC_WARN_UNUSED_VARIABLE = YES;
				IPHONEOS_DEPLOYMENT_TARGET = 16.0;
				LOCALIZATION_PREFERS_STRING_CATALOGS = YES;
				MTL_ENABLE_DEBUG_INFO = NO;
				MTL_FAST_MATH = YES;
				SDKROOT = iphoneos;
				SWIFT_COMPILATION_MODE = wholemodule;
				VALIDATE_PRODUCT = YES;
			};
			name = Release;
		};
		7365DFAF2B6A37410072FA8C /* Debug */ = {
			isa = XCBuildConfiguration;
			buildSettings = {
				ASSETCATALOG_COMPILER_APPICON_NAME = AppIcon;
				ASSETCATALOG_COMPILER_GLOBAL_ACCENT_COLOR_NAME = AccentColor;
				CODE_SIGN_STYLE = Automatic;
				CURRENT_PROJECT_VERSION = 1;
				DEVELOPMENT_TEAM = K3MH22V3Y9;
				GENERATE_INFOPLIST_FILE = YES;
				INFOPLIST_FILE = YPhEditor/SupportingFiles/Info.plist;
				INFOPLIST_KEY_CFBundleDisplayName = YPhEditor;
				INFOPLIST_KEY_LSApplicationCategoryType = "public.app-category.photography";
				INFOPLIST_KEY_NSCameraUsageDescription = "Why you need to allow the camera?";
				INFOPLIST_KEY_UIApplicationSupportsIndirectInputEvents = YES;
				INFOPLIST_KEY_UILaunchStoryboardName = LaunchScreen;
				INFOPLIST_KEY_UIStatusBarStyle = "";
				INFOPLIST_KEY_UISupportedInterfaceOrientations = UIInterfaceOrientationPortrait;
				INFOPLIST_KEY_UISupportedInterfaceOrientations_iPad = "UIInterfaceOrientationLandscapeLeft UIInterfaceOrientationLandscapeRight UIInterfaceOrientationPortrait UIInterfaceOrientationPortraitUpsideDown";
				IPHONEOS_DEPLOYMENT_TARGET = 16.0;
				LD_RUNPATH_SEARCH_PATHS = (
					"$(inherited)",
					"@executable_path/Frameworks",
				);
				MARKETING_VERSION = 1.0;
				PRODUCT_BUNDLE_IDENTIFIER = "com.E-Peaces.YPhEditor";
				PRODUCT_NAME = "$(TARGET_NAME)";
				SUPPORTED_PLATFORMS = "iphoneos iphonesimulator";
				SUPPORTS_MACCATALYST = NO;
				SUPPORTS_MAC_DESIGNED_FOR_IPHONE_IPAD = NO;
				SUPPORTS_XR_DESIGNED_FOR_IPHONE_IPAD = NO;
				SWIFT_EMIT_LOC_STRINGS = YES;
				SWIFT_VERSION = 5.0;
				TARGETED_DEVICE_FAMILY = 1;
			};
			name = Debug;
		};
		7365DFB02B6A37410072FA8C /* Release */ = {
			isa = XCBuildConfiguration;
			buildSettings = {
				ASSETCATALOG_COMPILER_APPICON_NAME = AppIcon;
				ASSETCATALOG_COMPILER_GLOBAL_ACCENT_COLOR_NAME = AccentColor;
				CODE_SIGN_STYLE = Automatic;
				CURRENT_PROJECT_VERSION = 1;
				DEVELOPMENT_TEAM = K3MH22V3Y9;
				GENERATE_INFOPLIST_FILE = YES;
				INFOPLIST_FILE = YPhEditor/SupportingFiles/Info.plist;
				INFOPLIST_KEY_CFBundleDisplayName = YPhEditor;
				INFOPLIST_KEY_LSApplicationCategoryType = "public.app-category.photography";
				INFOPLIST_KEY_NSCameraUsageDescription = "Why you need to allow the camera?";
				INFOPLIST_KEY_UIApplicationSupportsIndirectInputEvents = YES;
				INFOPLIST_KEY_UILaunchStoryboardName = LaunchScreen;
				INFOPLIST_KEY_UIStatusBarStyle = "";
				INFOPLIST_KEY_UISupportedInterfaceOrientations = UIInterfaceOrientationPortrait;
				INFOPLIST_KEY_UISupportedInterfaceOrientations_iPad = "UIInterfaceOrientationLandscapeLeft UIInterfaceOrientationLandscapeRight UIInterfaceOrientationPortrait UIInterfaceOrientationPortraitUpsideDown";
				IPHONEOS_DEPLOYMENT_TARGET = 16.0;
				LD_RUNPATH_SEARCH_PATHS = (
					"$(inherited)",
					"@executable_path/Frameworks",
				);
				MARKETING_VERSION = 1.0;
				PRODUCT_BUNDLE_IDENTIFIER = "com.E-Peaces.YPhEditor";
				PRODUCT_NAME = "$(TARGET_NAME)";
				SUPPORTED_PLATFORMS = "iphoneos iphonesimulator";
				SUPPORTS_MACCATALYST = NO;
				SUPPORTS_MAC_DESIGNED_FOR_IPHONE_IPAD = NO;
				SUPPORTS_XR_DESIGNED_FOR_IPHONE_IPAD = NO;
				SWIFT_EMIT_LOC_STRINGS = YES;
				SWIFT_VERSION = 5.0;
				TARGETED_DEVICE_FAMILY = 1;
			};
			name = Release;
		};
		7365DFB22B6A37410072FA8C /* Debug */ = {
			isa = XCBuildConfiguration;
			buildSettings = {
				ALWAYS_EMBED_SWIFT_STANDARD_LIBRARIES = YES;
				BUNDLE_LOADER = "$(TEST_HOST)";
				CODE_SIGN_STYLE = Automatic;
				CURRENT_PROJECT_VERSION = 1;
				DEVELOPMENT_TEAM = K3MH22V3Y9;
				GENERATE_INFOPLIST_FILE = YES;
				IPHONEOS_DEPLOYMENT_TARGET = 17.2;
				MARKETING_VERSION = 1.0;
				PRODUCT_BUNDLE_IDENTIFIER = "com.E-Peaces.YPhEditorTests";
				PRODUCT_NAME = "$(TARGET_NAME)";
				SWIFT_EMIT_LOC_STRINGS = NO;
				SWIFT_VERSION = 5.0;
				TARGETED_DEVICE_FAMILY = "1,2";
				TEST_HOST = "$(BUILT_PRODUCTS_DIR)/YPhEditor.app/$(BUNDLE_EXECUTABLE_FOLDER_PATH)/YPhEditor";
			};
			name = Debug;
		};
		7365DFB32B6A37410072FA8C /* Release */ = {
			isa = XCBuildConfiguration;
			buildSettings = {
				ALWAYS_EMBED_SWIFT_STANDARD_LIBRARIES = YES;
				BUNDLE_LOADER = "$(TEST_HOST)";
				CODE_SIGN_STYLE = Automatic;
				CURRENT_PROJECT_VERSION = 1;
				DEVELOPMENT_TEAM = K3MH22V3Y9;
				GENERATE_INFOPLIST_FILE = YES;
				IPHONEOS_DEPLOYMENT_TARGET = 17.2;
				MARKETING_VERSION = 1.0;
				PRODUCT_BUNDLE_IDENTIFIER = "com.E-Peaces.YPhEditorTests";
				PRODUCT_NAME = "$(TARGET_NAME)";
				SWIFT_EMIT_LOC_STRINGS = NO;
				SWIFT_VERSION = 5.0;
				TARGETED_DEVICE_FAMILY = "1,2";
				TEST_HOST = "$(BUILT_PRODUCTS_DIR)/YPhEditor.app/$(BUNDLE_EXECUTABLE_FOLDER_PATH)/YPhEditor";
			};
			name = Release;
		};
		7365DFB52B6A37410072FA8C /* Debug */ = {
			isa = XCBuildConfiguration;
			buildSettings = {
				ALWAYS_EMBED_SWIFT_STANDARD_LIBRARIES = YES;
				CODE_SIGN_STYLE = Automatic;
				CURRENT_PROJECT_VERSION = 1;
				DEVELOPMENT_TEAM = K3MH22V3Y9;
				GENERATE_INFOPLIST_FILE = YES;
				MARKETING_VERSION = 1.0;
				PRODUCT_BUNDLE_IDENTIFIER = "com.E-Peaces.YPhEditorUITests";
				PRODUCT_NAME = "$(TARGET_NAME)";
				SWIFT_EMIT_LOC_STRINGS = NO;
				SWIFT_VERSION = 5.0;
				TARGETED_DEVICE_FAMILY = "1,2";
				TEST_TARGET_NAME = YPhEditor;
			};
			name = Debug;
		};
		7365DFB62B6A37410072FA8C /* Release */ = {
			isa = XCBuildConfiguration;
			buildSettings = {
				ALWAYS_EMBED_SWIFT_STANDARD_LIBRARIES = YES;
				CODE_SIGN_STYLE = Automatic;
				CURRENT_PROJECT_VERSION = 1;
				DEVELOPMENT_TEAM = K3MH22V3Y9;
				GENERATE_INFOPLIST_FILE = YES;
				MARKETING_VERSION = 1.0;
				PRODUCT_BUNDLE_IDENTIFIER = "com.E-Peaces.YPhEditorUITests";
				PRODUCT_NAME = "$(TARGET_NAME)";
				SWIFT_EMIT_LOC_STRINGS = NO;
				SWIFT_VERSION = 5.0;
				TARGETED_DEVICE_FAMILY = "1,2";
				TEST_TARGET_NAME = YPhEditor;
			};
			name = Release;
		};
/* End XCBuildConfiguration section */

/* Begin XCConfigurationList section */
		7365DF7C2B6A373E0072FA8C /* Build configuration list for PBXProject "YPhEditor" */ = {
			isa = XCConfigurationList;
			buildConfigurations = (
				7365DFAC2B6A37410072FA8C /* Debug */,
				7365DFAD2B6A37410072FA8C /* Release */,
			);
			defaultConfigurationIsVisible = 0;
			defaultConfigurationName = Release;
		};
		7365DFAE2B6A37410072FA8C /* Build configuration list for PBXNativeTarget "YPhEditor" */ = {
			isa = XCConfigurationList;
			buildConfigurations = (
				7365DFAF2B6A37410072FA8C /* Debug */,
				7365DFB02B6A37410072FA8C /* Release */,
			);
			defaultConfigurationIsVisible = 0;
			defaultConfigurationName = Release;
		};
		7365DFB12B6A37410072FA8C /* Build configuration list for PBXNativeTarget "YPhEditorTests" */ = {
			isa = XCConfigurationList;
			buildConfigurations = (
				7365DFB22B6A37410072FA8C /* Debug */,
				7365DFB32B6A37410072FA8C /* Release */,
			);
			defaultConfigurationIsVisible = 0;
			defaultConfigurationName = Release;
		};
		7365DFB42B6A37410072FA8C /* Build configuration list for PBXNativeTarget "YPhEditorUITests" */ = {
			isa = XCConfigurationList;
			buildConfigurations = (
				7365DFB52B6A37410072FA8C /* Debug */,
				7365DFB62B6A37410072FA8C /* Release */,
			);
			defaultConfigurationIsVisible = 0;
			defaultConfigurationName = Release;
		};
/* End XCConfigurationList section */

/* Begin XCRemoteSwiftPackageReference section */
		73B2071F2B73B57E00D79B96 /* XCRemoteSwiftPackageReference "RxSwift" */ = {
			isa = XCRemoteSwiftPackageReference;
			repositoryURL = "https://github.com/ReactiveX/RxSwift";
			requirement = {
				kind = upToNextMajorVersion;
				minimumVersion = 6.6.0;
			};
		};
		73B207242B73C47300D79B96 /* XCRemoteSwiftPackageReference "Alamofire" */ = {
			isa = XCRemoteSwiftPackageReference;
			repositoryURL = "https://github.com/Alamofire/Alamofire";
			requirement = {
				kind = upToNextMajorVersion;
				minimumVersion = 5.8.1;
			};
		};
		73F426FB2B739F49006AD7E3 /* XCRemoteSwiftPackageReference "SnapKit" */ = {
			isa = XCRemoteSwiftPackageReference;
			repositoryURL = "https://github.com/SnapKit/SnapKit";
			requirement = {
				kind = upToNextMajorVersion;
				minimumVersion = 5.7.0;
			};
		};
/* End XCRemoteSwiftPackageReference section */

/* Begin XCSwiftPackageProductDependency section */
		73B207202B73B57E00D79B96 /* RxCocoa */ = {
			isa = XCSwiftPackageProductDependency;
			package = 73B2071F2B73B57E00D79B96 /* XCRemoteSwiftPackageReference "RxSwift" */;
			productName = RxCocoa;
		};
		73B207222B73B57E00D79B96 /* RxSwift */ = {
			isa = XCSwiftPackageProductDependency;
			package = 73B2071F2B73B57E00D79B96 /* XCRemoteSwiftPackageReference "RxSwift" */;
			productName = RxSwift;
		};
		73B207252B73C47300D79B96 /* Alamofire */ = {
			isa = XCSwiftPackageProductDependency;
			package = 73B207242B73C47300D79B96 /* XCRemoteSwiftPackageReference "Alamofire" */;
			productName = Alamofire;
		};
		73F426FC2B739F49006AD7E3 /* SnapKit */ = {
			isa = XCSwiftPackageProductDependency;
			package = 73F426FB2B739F49006AD7E3 /* XCRemoteSwiftPackageReference "SnapKit" */;
			productName = SnapKit;
		};
/* End XCSwiftPackageProductDependency section */

/* Begin XCVersionGroup section */
		7365DF8D2B6A373E0072FA8C /* YPhEditor.xcdatamodeld */ = {
			isa = XCVersionGroup;
			children = (
				7365DF8E2B6A373E0072FA8C /* YPhEditor.xcdatamodel */,
			);
			currentVersion = 7365DF8E2B6A373E0072FA8C /* YPhEditor.xcdatamodel */;
			path = YPhEditor.xcdatamodeld;
			sourceTree = "<group>";
			versionGroupType = wrapper.xcdatamodel;
		};
/* End XCVersionGroup section */
	};
	rootObject = 7365DF792B6A373E0072FA8C /* Project object */;
}
